
Microsoft Visual Studio Solution File, Format Version 12.00
# Visual Studio Version 17
VisualStudioVersion = 17.11.35208.52
MinimumVisualStudioVersion = 10.0.40219.1
Project("{9A19103F-16F7-4668-BE54-9A1E7A4F7556}") = "Aranel.Grid", "Aranel.Grid\Aranel.Grid.csproj", "{6FBF0B4C-2625-4DB2-AFF2-50E5784D14AB}"
EndProject
Project("{FAE04EC0-301F-11D3-BF4B-00C04F79EFBC}") = "Aranel.Grid.Sample", "Aranel.Grid.Sample\Aranel.Grid.Sample.csproj", "{B341F9B7-4970-4DE2-B4E6-F7B2577242F9}"
EndProject
Project("{2150E333-8FDC-42A3-9474-1A3956D46DE8}") = "Solution Items", "Solution Items", "{34A2F444-AF29-43D6-8AC6-BB9EBFD6693D}"
	ProjectSection(SolutionItems) = preProject
		README.md = README.md
	EndProjectSection
EndProject
Global
	GlobalSection(SolutionConfigurationPlatforms) = preSolution
		Debug|Any CPU = Debug|Any CPU
		Release|Any CPU = Release|Any CPU
	EndGlobalSection
	GlobalSection(ProjectConfigurationPlatforms) = postSolution
		{6FBF0B4C-2625-4DB2-AFF2-50E5784D14AB}.Debug|Any CPU.ActiveCfg = Debug|Any CPU
		{6FBF0B4C-2625-4DB2-AFF2-50E5784D14AB}.Debug|Any CPU.Build.0 = Debug|Any CPU
		{6FBF0B4C-2625-4DB2-AFF2-50E5784D14AB}.Release|Any CPU.ActiveCfg = Release|Any CPU
		{6FBF0B4C-2625-4DB2-AFF2-50E5784D14AB}.Release|Any CPU.Build.0 = Release|Any CPU
		{B341F9B7-4970-4DE2-B4E6-F7B2577242F9}.Debug|Any CPU.ActiveCfg = Debug|Any CPU
		{B341F9B7-4970-4DE2-B4E6-F7B2577242F9}.Debug|Any CPU.Build.0 = Debug|Any CPU
		{B341F9B7-4970-4DE2-B4E6-F7B2577242F9}.Release|Any CPU.ActiveCfg = Release|Any CPU
		{B341F9B7-4970-4DE2-B4E6-F7B2577242F9}.Release|Any CPU.Build.0 = Release|Any CPU
	EndGlobalSection
	GlobalSection(SolutionProperties) = preSolution
		HideSolutionNode = FALSE
	EndGlobalSection
	GlobalSection(ExtensibilityGlobals) = postSolution
		SolutionGuid = {69ED6C67-B06D-4AB1-AC36-F6A73820E5AB}
	EndGlobalSection
EndGlobal
